
Microsoft Visual Studio Solution File, Format Version 12.00
# Visual Studio Version 16
VisualStudioVersion = 16.0.30717.126
MinimumVisualStudioVersion = 10.0.40219.1
Project("{FAE04EC0-301F-11D3-BF4B-00C04F79EFBC}") = "SMSEthApp", "SMSEthApp\SMSEthApp.csproj", "{418C1A90-19DF-407E-AC87-B4BAD33ADF6D}"
EndProject
Global
	GlobalSection(SolutionConfigurationPlatforms) = preSolution
		Debug|Any CPU = Debug|Any CPU
		Release|Any CPU = Release|Any CPU
	EndGlobalSection
	GlobalSection(ProjectConfigurationPlatforms) = postSolution
		{418C1A90-19DF-407E-AC87-B4BAD33ADF6D}.Debug|Any CPU.ActiveCfg = Debug|Any CPU
		{418C1A90-19DF-407E-AC87-B4BAD33ADF6D}.Debug|Any CPU.Build.0 = Debug|Any CPU
		{418C1A90-19DF-407E-AC87-B4BAD33ADF6D}.Release|Any CPU.ActiveCfg = Release|Any CPU
		{418C1A90-19DF-407E-AC87-B4BAD33ADF6D}.Release|Any CPU.Build.0 = Release|Any CPU
	EndGlobalSection
	GlobalSection(SolutionProperties) = preSolution
		HideSolutionNode = FALSE
	EndGlobalSection
	GlobalSection(ExtensibilityGlobals) = postSolution
		SolutionGuid = {CD5CE691-AE14-4485-BD4A-E99FFCE973EF}
	EndGlobalSection
EndGlobal
